
Microsoft Visual Studio Solution File, Format Version 12.00
# Visual Studio Version 16
VisualStudioVersion = 16.0.33328.57
MinimumVisualStudioVersion = 10.0.40219.1
Project("{9A19103F-16F7-4668-BE54-9A1E7A4F7556}") = "DummyCRUDOperation", "DummyCRUDOperation.csproj", "{9F64D25E-4061-4679-B9CF-5E606A3F236F}"
EndProject
Project("{FAE04EC0-301F-11D3-BF4B-00C04F79EFBC}") = "DomainLayer", "..\DomainLayer\DomainLayer.csproj", "{969ABEC9-7A7A-4ACA-9E2B-DD818C9188D6}"
EndProject
Project("{FAE04EC0-301F-11D3-BF4B-00C04F79EFBC}") = "RepositoryLayer", "..\RepositoryLayer\RepositoryLayer.csproj", "{472C8B29-3EA7-450C-A10F-11A9AB5C0B13}"
EndProject
Project("{FAE04EC0-301F-11D3-BF4B-00C04F79EFBC}") = "ServiceLayer", "..\ServiceLayer\ServiceLayer.csproj", "{ED169E71-0C4B-43E1-806B-7D6629AD8BF0}"
EndProject
Global
	GlobalSection(SolutionConfigurationPlatforms) = preSolution
		Debug|Any CPU = Debug|Any CPU
		Release|Any CPU = Release|Any CPU
	EndGlobalSection
	GlobalSection(ProjectConfigurationPlatforms) = postSolution
		{9F64D25E-4061-4679-B9CF-5E606A3F236F}.Debug|Any CPU.ActiveCfg = Debug|Any CPU
		{9F64D25E-4061-4679-B9CF-5E606A3F236F}.Debug|Any CPU.Build.0 = Debug|Any CPU
		{9F64D25E-4061-4679-B9CF-5E606A3F236F}.Release|Any CPU.ActiveCfg = Release|Any CPU
		{9F64D25E-4061-4679-B9CF-5E606A3F236F}.Release|Any CPU.Build.0 = Release|Any CPU
		{969ABEC9-7A7A-4ACA-9E2B-DD818C9188D6}.Debug|Any CPU.ActiveCfg = Debug|Any CPU
		{969ABEC9-7A7A-4ACA-9E2B-DD818C9188D6}.Debug|Any CPU.Build.0 = Debug|Any CPU
		{969ABEC9-7A7A-4ACA-9E2B-DD818C9188D6}.Release|Any CPU.ActiveCfg = Release|Any CPU
		{969ABEC9-7A7A-4ACA-9E2B-DD818C9188D6}.Release|Any CPU.Build.0 = Release|Any CPU
		{472C8B29-3EA7-450C-A10F-11A9AB5C0B13}.Debug|Any CPU.ActiveCfg = Debug|Any CPU
		{472C8B29-3EA7-450C-A10F-11A9AB5C0B13}.Debug|Any CPU.Build.0 = Debug|Any CPU
		{472C8B29-3EA7-450C-A10F-11A9AB5C0B13}.Release|Any CPU.ActiveCfg = Release|Any CPU
		{472C8B29-3EA7-450C-A10F-11A9AB5C0B13}.Release|Any CPU.Build.0 = Release|Any CPU
		{ED169E71-0C4B-43E1-806B-7D6629AD8BF0}.Debug|Any CPU.ActiveCfg = Debug|Any CPU
		{ED169E71-0C4B-43E1-806B-7D6629AD8BF0}.Debug|Any CPU.Build.0 = Debug|Any CPU
		{ED169E71-0C4B-43E1-806B-7D6629AD8BF0}.Release|Any CPU.ActiveCfg = Release|Any CPU
		{ED169E71-0C4B-43E1-806B-7D6629AD8BF0}.Release|Any CPU.Build.0 = Release|Any CPU
	EndGlobalSection
	GlobalSection(SolutionProperties) = preSolution
		HideSolutionNode = FALSE
	EndGlobalSection
	GlobalSection(ExtensibilityGlobals) = postSolution
		SolutionGuid = {D288F6F0-C71C-4405-BA39-3B6960D7C374}
	EndGlobalSection
EndGlobal
